# This file is autogenerated, do not edit; changes may be undone by the next 'dep ensure'.


[[projects]]
  branch = "master"
  digest = "1:067658196413b11d20f243b945b1c50d86376cdc01562442cda860cd175b5278"
  name = "github.com/ccding/go-config-reader"
  packages = ["config"]
  pruneopts = "UT"
  revision = "8b6c2b50197f20da3b1c5944c274c173634dc056"

[[projects]]
  digest = "1:af105c7c5dc0b4ae41991f122cae860b9600f7d226072c2a83127048c991660c"
  name = "github.com/hashicorp/go-cleanhttp"
  packages = ["."]
  pruneopts = "UT"
  revision = "eda1e5db218aad1db63ca4642c8906b26bcf2744"
  version = "v0.5.1"

[[projects]]
  digest = "1:351c9fafe916b099211b6e05749afdf5eef2d9aa297691827825628ec395d8c4"
  name = "github.com/hashicorp/go-retryablehttp"
  packages = ["."]
  pruneopts = "UT"
  revision = "85a8ee556d7323a4faf0f4c17ee900e9ff1482e8"
  version = "v0.5.4"

[[projects]]
  digest = "1:31e761d97c76151dde79e9d28964a812c46efc5baee4085b86f68f0c654450de"
  name = "github.com/konsorten/go-windows-terminal-sequences"
  packages = ["."]
  pruneopts = "UT"
  revision = "f55edac94c9bbba5d6182a4be46d86a2c9b5b50e"
  version = "v1.0.2"

[[projects]]
  branch = "master"
  digest = "1:c57a7a59a578161b290b7818d9d552fb143263767f9f8d685b02fa74b610d671"
  name = "github.com/opsgenie/opsgenie-go-sdk-v2"
  packages = [
    "alert",
    "client",
    "heartbeat",
    "integration",
    "logs",
    "og",
    "policy",
    "user",
  ]
  pruneopts = "UT"
  revision = "7ea2314893579e5864d7c4cd4cd9b043a3c823d1"

[[projects]]
  digest = "1:cf31692c14422fa27c83a05292eb5cbe0fb2775972e8f1f8446a71549bd8980b"
  name = "github.com/pkg/errors"
  packages = ["."]
  pruneopts = "UT"
  revision = "ba968bfe8b2f7e042a574c888954fccecfa385b4"
  version = "v0.8.1"

[[projects]]
  digest = "1:04457f9f6f3ffc5fea48e71d62f2ca256637dee0a04d710288e27e05c8b41976"
  name = "github.com/sirupsen/logrus"
  packages = ["."]
  pruneopts = "UT"
  revision = "839c75faf7f98a33d445d181f3018b5c3409a45e"
  version = "v1.4.2"

[[projects]]
  digest = "1:06fa107b7c12efe111701e98126a03e4794058af0d57e2aca62abbc79e2e25c9"
  name = "github.com/urfave/cli"
  packages = ["."]
  pruneopts = "UT"
  revision = "850de854cda08e97afb500b72967f1a56f0330e5"
  version = "v1.22.2"

[[projects]]
  branch = "master"
  digest = "1:578046baf093df15df2904bbb0fe06f3f2385bad59987532201007754aa7e1d5"
  name = "golang.org/x/sys"
  packages = ["unix"]
  pruneopts = "UT"
  revision = "d5e6a3e2c0ae16fc7480523ebcb7fd4dd3215489"

[[projects]]
  digest = "1:55b110c99c5fdc4f14930747326acce56b52cfce60b24b1c03ef686ac0e46bb1"
  name = "gopkg.in/yaml.v2"
  packages = ["."]
  pruneopts = "UT"
  revision = "53403b58ad1b561927d19068c655246f2db79d48"
  version = "v2.2.8"

[solve-meta]
  analyzer-name = "dep"
  analyzer-version = 1
  input-imports = [
    "github.com/ccding/go-config-reader/config",
    "github.com/opsgenie/opsgenie-go-sdk-v2/alert",
    "github.com/opsgenie/opsgenie-go-sdk-v2/client",
    "github.com/opsgenie/opsgenie-go-sdk-v2/heartbeat",
    "github.com/opsgenie/opsgenie-go-sdk-v2/integration",
    "github.com/opsgenie/opsgenie-go-sdk-v2/logs",
    "github.com/opsgenie/opsgenie-go-sdk-v2/policy",
    "github.com/opsgenie/opsgenie-go-sdk-v2/user",
    "github.com/urfave/cli",
    "gopkg.in/yaml.v2",
  ]
  solver-name = "gps-cdcl"
  solver-version = 1
